
Microsoft Visual Studio Solution File, Format Version 12.00
# Visual Studio 15
VisualStudioVersion = 15.0.28307.539
MinimumVisualStudioVersion = 10.0.40219.1
Project("{FAE04EC0-301F-11D3-BF4B-00C04F79EFBC}") = "SoalInspiro", "SoalInspiro\SoalInspiro.csproj", "{63CDB7D2-93A9-47F1-B478-4CED7C4E880C}"
EndProject
Global
	GlobalSection(SolutionConfigurationPlatforms) = preSolution
		Debug|Any CPU = Debug|Any CPU
		Release|Any CPU = Release|Any CPU
	EndGlobalSection
	GlobalSection(ProjectConfigurationPlatforms) = postSolution
		{63CDB7D2-93A9-47F1-B478-4CED7C4E880C}.Debug|Any CPU.ActiveCfg = Debug|Any CPU
		{63CDB7D2-93A9-47F1-B478-4CED7C4E880C}.Debug|Any CPU.Build.0 = Debug|Any CPU
		{63CDB7D2-93A9-47F1-B478-4CED7C4E880C}.Release|Any CPU.ActiveCfg = Release|Any CPU
		{63CDB7D2-93A9-47F1-B478-4CED7C4E880C}.Release|Any CPU.Build.0 = Release|Any CPU
	EndGlobalSection
	GlobalSection(SolutionProperties) = preSolution
		HideSolutionNode = FALSE
	EndGlobalSection
	GlobalSection(ExtensibilityGlobals) = postSolution
		SolutionGuid = {32B03FDE-C999-4CB0-A4C9-EACA149A5836}
	EndGlobalSection
EndGlobal
